
Microsoft Visual Studio Solution File, Format Version 12.00
# Visual Studio 14
VisualStudioVersion = 14.0.25123.0
MinimumVisualStudioVersion = 10.0.40219.1
Project("{FAE04EC0-301F-11D3-BF4B-00C04F79EFBC}") = "CMS2.Common", "CMS2.Common\CMS2.Common.csproj", "{40DD132A-44BB-4054-80A2-0A0A848CBDA1}"
EndProject
Project("{FAE04EC0-301F-11D3-BF4B-00C04F79EFBC}") = "CMS2.Entities", "CMS2.Entities\CMS2.Entities.csproj", "{B446C38F-EA3B-4311-93C1-0A3C813229B5}"
EndProject
Project("{FAE04EC0-301F-11D3-BF4B-00C04F79EFBC}") = "CMS2.DataAccess", "CMS2.DataAccess\CMS2.DataAccess.csproj", "{30451916-C807-4426-9CEB-31CBB2736F88}"
EndProject
Project("{FAE04EC0-301F-11D3-BF4B-00C04F79EFBC}") = "CMS2.BusinessLogic", "CMS2.BusinessLogic\CMS2.BusinessLogic.csproj", "{B28F8FEC-45B4-465E-8438-727C1C2294D0}"
EndProject
Project("{FAE04EC0-301F-11D3-BF4B-00C04F79EFBC}") = "CMS2.Client", "CMS2.Client\CMS2.Client.csproj", "{B6A11D95-5E39-4249-9F39-F90507C1BAFE}"
EndProject
Project("{FAE04EC0-301F-11D3-BF4B-00C04F79EFBC}") = "CMS2.CentralWeb", "CMS2.CentralWeb\CMS2.CentralWeb.csproj", "{D541E688-3C36-4C95-BDE5-D074D1E701E6}"
EndProject
Project("{54435603-DBB4-11D2-8724-00A0C9A8B90C}") = "CMS2.ClientInstaller", "CMS2.ClientInstaller\CMS2.ClientInstaller.vdproj", "{F60359ED-006E-4A75-8A9D-850DCC776D52}"
EndProject
Project("{54435603-DBB4-11D2-8724-00A0C9A8B90C}") = "CMS2.ClientInstaller2", "CMS2.ClientInstaller2\CMS2.ClientInstaller2.vdproj", "{0011FD30-8099-4B1F-A0E2-80E67B3D8542}"
EndProject
Project("{FAE04EC0-301F-11D3-BF4B-00C04F79EFBC}") = "CMS2.ClientDbSetup", "CMS2.ClientDbSetup\CMS2.ClientDbSetup.csproj", "{C3CED78B-4B23-4718-8888-406DB30F1343}"
EndProject
Global
	GlobalSection(SolutionConfigurationPlatforms) = preSolution
		CD_ROM|Any CPU = CD_ROM|Any CPU
		CD_ROM|x86 = CD_ROM|x86
		Debug|Any CPU = Debug|Any CPU
		Debug|x86 = Debug|x86
		DVD-5|Any CPU = DVD-5|Any CPU
		DVD-5|x86 = DVD-5|x86
		Release|Any CPU = Release|Any CPU
		Release|x86 = Release|x86
		SingleImage|Any CPU = SingleImage|Any CPU
		SingleImage|x86 = SingleImage|x86
	EndGlobalSection
	GlobalSection(ProjectConfigurationPlatforms) = postSolution
		{40DD132A-44BB-4054-80A2-0A0A848CBDA1}.CD_ROM|Any CPU.ActiveCfg = Release|Any CPU
		{40DD132A-44BB-4054-80A2-0A0A848CBDA1}.CD_ROM|Any CPU.Build.0 = Release|Any CPU
		{40DD132A-44BB-4054-80A2-0A0A848CBDA1}.CD_ROM|x86.ActiveCfg = Release|x86
		{40DD132A-44BB-4054-80A2-0A0A848CBDA1}.CD_ROM|x86.Build.0 = Release|x86
		{40DD132A-44BB-4054-80A2-0A0A848CBDA1}.Debug|Any CPU.ActiveCfg = Debug|Any CPU
		{40DD132A-44BB-4054-80A2-0A0A848CBDA1}.Debug|Any CPU.Build.0 = Debug|Any CPU
		{40DD132A-44BB-4054-80A2-0A0A848CBDA1}.Debug|x86.ActiveCfg = Debug|x86
		{40DD132A-44BB-4054-80A2-0A0A848CBDA1}.Debug|x86.Build.0 = Debug|x86
		{40DD132A-44BB-4054-80A2-0A0A848CBDA1}.DVD-5|Any CPU.ActiveCfg = Debug|Any CPU
		{40DD132A-44BB-4054-80A2-0A0A848CBDA1}.DVD-5|Any CPU.Build.0 = Debug|Any CPU
		{40DD132A-44BB-4054-80A2-0A0A848CBDA1}.DVD-5|x86.ActiveCfg = Debug|x86
		{40DD132A-44BB-4054-80A2-0A0A848CBDA1}.DVD-5|x86.Build.0 = Debug|x86
		{40DD132A-44BB-4054-80A2-0A0A848CBDA1}.Release|Any CPU.ActiveCfg = Release|Any CPU
		{40DD132A-44BB-4054-80A2-0A0A848CBDA1}.Release|Any CPU.Build.0 = Release|Any CPU
		{40DD132A-44BB-4054-80A2-0A0A848CBDA1}.Release|x86.ActiveCfg = Release|x86
		{40DD132A-44BB-4054-80A2-0A0A848CBDA1}.Release|x86.Build.0 = Release|x86
		{40DD132A-44BB-4054-80A2-0A0A848CBDA1}.SingleImage|Any CPU.ActiveCfg = Release|Any CPU
		{40DD132A-44BB-4054-80A2-0A0A848CBDA1}.SingleImage|Any CPU.Build.0 = Release|Any CPU
		{40DD132A-44BB-4054-80A2-0A0A848CBDA1}.SingleImage|x86.ActiveCfg = Release|x86
		{40DD132A-44BB-4054-80A2-0A0A848CBDA1}.SingleImage|x86.Build.0 = Release|x86
		{B446C38F-EA3B-4311-93C1-0A3C813229B5}.CD_ROM|Any CPU.ActiveCfg = Release|Any CPU
		{B446C38F-EA3B-4311-93C1-0A3C813229B5}.CD_ROM|Any CPU.Build.0 = Release|Any CPU
		{B446C38F-EA3B-4311-93C1-0A3C813229B5}.CD_ROM|x86.ActiveCfg = Release|x86
		{B446C38F-EA3B-4311-93C1-0A3C813229B5}.CD_ROM|x86.Build.0 = Release|x86
		{B446C38F-EA3B-4311-93C1-0A3C813229B5}.Debug|Any CPU.ActiveCfg = Debug|Any CPU
		{B446C38F-EA3B-4311-93C1-0A3C813229B5}.Debug|Any CPU.Build.0 = Debug|Any CPU
		{B446C38F-EA3B-4311-93C1-0A3C813229B5}.Debug|x86.ActiveCfg = Debug|x86
		{B446C38F-EA3B-4311-93C1-0A3C813229B5}.Debug|x86.Build.0 = Debug|x86
		{B446C38F-EA3B-4311-93C1-0A3C813229B5}.DVD-5|Any CPU.ActiveCfg = Debug|Any CPU
		{B446C38F-EA3B-4311-93C1-0A3C813229B5}.DVD-5|Any CPU.Build.0 = Debug|Any CPU
		{B446C38F-EA3B-4311-93C1-0A3C813229B5}.DVD-5|x86.ActiveCfg = Debug|x86
		{B446C38F-EA3B-4311-93C1-0A3C813229B5}.DVD-5|x86.Build.0 = Debug|x86
		{B446C38F-EA3B-4311-93C1-0A3C813229B5}.Release|Any CPU.ActiveCfg = Release|Any CPU
		{B446C38F-EA3B-4311-93C1-0A3C813229B5}.Release|Any CPU.Build.0 = Release|Any CPU
		{B446C38F-EA3B-4311-93C1-0A3C813229B5}.Release|x86.ActiveCfg = Release|x86
		{B446C38F-EA3B-4311-93C1-0A3C813229B5}.Release|x86.Build.0 = Release|x86
		{B446C38F-EA3B-4311-93C1-0A3C813229B5}.SingleImage|Any CPU.ActiveCfg = Release|Any CPU
		{B446C38F-EA3B-4311-93C1-0A3C813229B5}.SingleImage|Any CPU.Build.0 = Release|Any CPU
		{B446C38F-EA3B-4311-93C1-0A3C813229B5}.SingleImage|x86.ActiveCfg = Release|x86
		{B446C38F-EA3B-4311-93C1-0A3C813229B5}.SingleImage|x86.Build.0 = Release|x86
		{30451916-C807-4426-9CEB-31CBB2736F88}.CD_ROM|Any CPU.ActiveCfg = Release|Any CPU
		{30451916-C807-4426-9CEB-31CBB2736F88}.CD_ROM|Any CPU.Build.0 = Release|Any CPU
		{30451916-C807-4426-9CEB-31CBB2736F88}.CD_ROM|x86.ActiveCfg = Release|x86
		{30451916-C807-4426-9CEB-31CBB2736F88}.CD_ROM|x86.Build.0 = Release|x86
		{30451916-C807-4426-9CEB-31CBB2736F88}.Debug|Any CPU.ActiveCfg = Debug|Any CPU
		{30451916-C807-4426-9CEB-31CBB2736F88}.Debug|Any CPU.Build.0 = Debug|Any CPU
		{30451916-C807-4426-9CEB-31CBB2736F88}.Debug|x86.ActiveCfg = Debug|x86
		{30451916-C807-4426-9CEB-31CBB2736F88}.Debug|x86.Build.0 = Debug|x86
		{30451916-C807-4426-9CEB-31CBB2736F88}.DVD-5|Any CPU.ActiveCfg = Debug|Any CPU
		{30451916-C807-4426-9CEB-31CBB2736F88}.DVD-5|Any CPU.Build.0 = Debug|Any CPU
		{30451916-C807-4426-9CEB-31CBB2736F88}.DVD-5|x86.ActiveCfg = Debug|x86
		{30451916-C807-4426-9CEB-31CBB2736F88}.DVD-5|x86.Build.0 = Debug|x86
		{30451916-C807-4426-9CEB-31CBB2736F88}.Release|Any CPU.ActiveCfg = Release|Any CPU
		{30451916-C807-4426-9CEB-31CBB2736F88}.Release|Any CPU.Build.0 = Release|Any CPU
		{30451916-C807-4426-9CEB-31CBB2736F88}.Release|x86.ActiveCfg = Release|x86
		{30451916-C807-4426-9CEB-31CBB2736F88}.Release|x86.Build.0 = Release|x86
		{30451916-C807-4426-9CEB-31CBB2736F88}.SingleImage|Any CPU.ActiveCfg = Release|Any CPU
		{30451916-C807-4426-9CEB-31CBB2736F88}.SingleImage|Any CPU.Build.0 = Release|Any CPU
		{30451916-C807-4426-9CEB-31CBB2736F88}.SingleImage|x86.ActiveCfg = Release|x86
		{30451916-C807-4426-9CEB-31CBB2736F88}.SingleImage|x86.Build.0 = Release|x86
		{B28F8FEC-45B4-465E-8438-727C1C2294D0}.CD_ROM|Any CPU.ActiveCfg = Release|Any CPU
		{B28F8FEC-45B4-465E-8438-727C1C2294D0}.CD_ROM|Any CPU.Build.0 = Release|Any CPU
		{B28F8FEC-45B4-465E-8438-727C1C2294D0}.CD_ROM|x86.ActiveCfg = Release|x86
		{B28F8FEC-45B4-465E-8438-727C1C2294D0}.CD_ROM|x86.Build.0 = Release|x86
		{B28F8FEC-45B4-465E-8438-727C1C2294D0}.Debug|Any CPU.ActiveCfg = Debug|Any CPU
		{B28F8FEC-45B4-465E-8438-727C1C2294D0}.Debug|Any CPU.Build.0 = Debug|Any CPU
		{B28F8FEC-45B4-465E-8438-727C1C2294D0}.Debug|x86.ActiveCfg = Debug|x86
		{B28F8FEC-45B4-465E-8438-727C1C2294D0}.Debug|x86.Build.0 = Debug|x86
		{B28F8FEC-45B4-465E-8438-727C1C2294D0}.DVD-5|Any CPU.ActiveCfg = Debug|Any CPU
		{B28F8FEC-45B4-465E-8438-727C1C2294D0}.DVD-5|Any CPU.Build.0 = Debug|Any CPU
		{B28F8FEC-45B4-465E-8438-727C1C2294D0}.DVD-5|x86.ActiveCfg = Debug|x86
		{B28F8FEC-45B4-465E-8438-727C1C2294D0}.DVD-5|x86.Build.0 = Debug|x86
		{B28F8FEC-45B4-465E-8438-727C1C2294D0}.Release|Any CPU.ActiveCfg = Release|Any CPU
		{B28F8FEC-45B4-465E-8438-727C1C2294D0}.Release|Any CPU.Build.0 = Release|Any CPU
		{B28F8FEC-45B4-465E-8438-727C1C2294D0}.Release|x86.ActiveCfg = Release|x86
		{B28F8FEC-45B4-465E-8438-727C1C2294D0}.Release|x86.Build.0 = Release|x86
		{B28F8FEC-45B4-465E-8438-727C1C2294D0}.SingleImage|Any CPU.ActiveCfg = Release|Any CPU
		{B28F8FEC-45B4-465E-8438-727C1C2294D0}.SingleImage|Any CPU.Build.0 = Release|Any CPU
		{B28F8FEC-45B4-465E-8438-727C1C2294D0}.SingleImage|x86.ActiveCfg = Release|x86
		{B28F8FEC-45B4-465E-8438-727C1C2294D0}.SingleImage|x86.Build.0 = Release|x86
		{B6A11D95-5E39-4249-9F39-F90507C1BAFE}.CD_ROM|Any CPU.ActiveCfg = Release|Any CPU
		{B6A11D95-5E39-4249-9F39-F90507C1BAFE}.CD_ROM|Any CPU.Build.0 = Release|Any CPU
		{B6A11D95-5E39-4249-9F39-F90507C1BAFE}.CD_ROM|x86.ActiveCfg = Release|x86
		{B6A11D95-5E39-4249-9F39-F90507C1BAFE}.CD_ROM|x86.Build.0 = Release|x86
		{B6A11D95-5E39-4249-9F39-F90507C1BAFE}.Debug|Any CPU.ActiveCfg = Debug|Any CPU
		{B6A11D95-5E39-4249-9F39-F90507C1BAFE}.Debug|Any CPU.Build.0 = Debug|Any CPU
		{B6A11D95-5E39-4249-9F39-F90507C1BAFE}.Debug|x86.ActiveCfg = Debug|x86
		{B6A11D95-5E39-4249-9F39-F90507C1BAFE}.Debug|x86.Build.0 = Debug|x86
		{B6A11D95-5E39-4249-9F39-F90507C1BAFE}.DVD-5|Any CPU.ActiveCfg = Debug|Any CPU
		{B6A11D95-5E39-4249-9F39-F90507C1BAFE}.DVD-5|Any CPU.Build.0 = Debug|Any CPU
		{B6A11D95-5E39-4249-9F39-F90507C1BAFE}.DVD-5|x86.ActiveCfg = Debug|x86
		{B6A11D95-5E39-4249-9F39-F90507C1BAFE}.DVD-5|x86.Build.0 = Debug|x86
		{B6A11D95-5E39-4249-9F39-F90507C1BAFE}.Release|Any CPU.ActiveCfg = Release|Any CPU
		{B6A11D95-5E39-4249-9F39-F90507C1BAFE}.Release|Any CPU.Build.0 = Release|Any CPU
		{B6A11D95-5E39-4249-9F39-F90507C1BAFE}.Release|x86.ActiveCfg = Release|x86
		{B6A11D95-5E39-4249-9F39-F90507C1BAFE}.Release|x86.Build.0 = Release|x86
		{B6A11D95-5E39-4249-9F39-F90507C1BAFE}.SingleImage|Any CPU.ActiveCfg = Release|Any CPU
		{B6A11D95-5E39-4249-9F39-F90507C1BAFE}.SingleImage|Any CPU.Build.0 = Release|Any CPU
		{B6A11D95-5E39-4249-9F39-F90507C1BAFE}.SingleImage|x86.ActiveCfg = Release|x86
		{B6A11D95-5E39-4249-9F39-F90507C1BAFE}.SingleImage|x86.Build.0 = Release|x86
		{D541E688-3C36-4C95-BDE5-D074D1E701E6}.CD_ROM|Any CPU.ActiveCfg = Release|Any CPU
		{D541E688-3C36-4C95-BDE5-D074D1E701E6}.CD_ROM|Any CPU.Build.0 = Release|Any CPU
		{D541E688-3C36-4C95-BDE5-D074D1E701E6}.CD_ROM|x86.ActiveCfg = Release|x86
		{D541E688-3C36-4C95-BDE5-D074D1E701E6}.CD_ROM|x86.Build.0 = Release|x86
		{D541E688-3C36-4C95-BDE5-D074D1E701E6}.Debug|Any CPU.ActiveCfg = Debug|Any CPU
		{D541E688-3C36-4C95-BDE5-D074D1E701E6}.Debug|Any CPU.Build.0 = Debug|Any CPU
		{D541E688-3C36-4C95-BDE5-D074D1E701E6}.Debug|x86.ActiveCfg = Debug|x86
		{D541E688-3C36-4C95-BDE5-D074D1E701E6}.Debug|x86.Build.0 = Debug|x86
		{D541E688-3C36-4C95-BDE5-D074D1E701E6}.DVD-5|Any CPU.ActiveCfg = Debug|Any CPU
		{D541E688-3C36-4C95-BDE5-D074D1E701E6}.DVD-5|Any CPU.Build.0 = Debug|Any CPU
		{D541E688-3C36-4C95-BDE5-D074D1E701E6}.DVD-5|x86.ActiveCfg = Debug|x86
		{D541E688-3C36-4C95-BDE5-D074D1E701E6}.DVD-5|x86.Build.0 = Debug|x86
		{D541E688-3C36-4C95-BDE5-D074D1E701E6}.Release|Any CPU.ActiveCfg = Release|Any CPU
		{D541E688-3C36-4C95-BDE5-D074D1E701E6}.Release|Any CPU.Build.0 = Release|Any CPU
		{D541E688-3C36-4C95-BDE5-D074D1E701E6}.Release|x86.ActiveCfg = Release|x86
		{D541E688-3C36-4C95-BDE5-D074D1E701E6}.Release|x86.Build.0 = Release|x86
		{D541E688-3C36-4C95-BDE5-D074D1E701E6}.SingleImage|Any CPU.ActiveCfg = Release|Any CPU
		{D541E688-3C36-4C95-BDE5-D074D1E701E6}.SingleImage|Any CPU.Build.0 = Release|Any CPU
		{D541E688-3C36-4C95-BDE5-D074D1E701E6}.SingleImage|x86.ActiveCfg = Release|x86
		{D541E688-3C36-4C95-BDE5-D074D1E701E6}.SingleImage|x86.Build.0 = Release|x86
		{F60359ED-006E-4A75-8A9D-850DCC776D52}.CD_ROM|Any CPU.ActiveCfg = Release
		{F60359ED-006E-4A75-8A9D-850DCC776D52}.CD_ROM|Any CPU.Build.0 = Release
		{F60359ED-006E-4A75-8A9D-850DCC776D52}.CD_ROM|x86.ActiveCfg = Release
		{F60359ED-006E-4A75-8A9D-850DCC776D52}.CD_ROM|x86.Build.0 = Release
		{F60359ED-006E-4A75-8A9D-850DCC776D52}.Debug|Any CPU.ActiveCfg = Debug
		{F60359ED-006E-4A75-8A9D-850DCC776D52}.Debug|x86.ActiveCfg = Debug
		{F60359ED-006E-4A75-8A9D-850DCC776D52}.Debug|x86.Build.0 = Debug
		{F60359ED-006E-4A75-8A9D-850DCC776D52}.DVD-5|Any CPU.ActiveCfg = Debug
		{F60359ED-006E-4A75-8A9D-850DCC776D52}.DVD-5|Any CPU.Build.0 = Debug
		{F60359ED-006E-4A75-8A9D-850DCC776D52}.DVD-5|x86.ActiveCfg = Debug
		{F60359ED-006E-4A75-8A9D-850DCC776D52}.DVD-5|x86.Build.0 = Debug
		{F60359ED-006E-4A75-8A9D-850DCC776D52}.Release|Any CPU.ActiveCfg = Release
		{F60359ED-006E-4A75-8A9D-850DCC776D52}.Release|Any CPU.Build.0 = Release
		{F60359ED-006E-4A75-8A9D-850DCC776D52}.Release|x86.ActiveCfg = Release
		{F60359ED-006E-4A75-8A9D-850DCC776D52}.Release|x86.Build.0 = Release
		{F60359ED-006E-4A75-8A9D-850DCC776D52}.SingleImage|Any CPU.ActiveCfg = Release
		{F60359ED-006E-4A75-8A9D-850DCC776D52}.SingleImage|Any CPU.Build.0 = Release
		{F60359ED-006E-4A75-8A9D-850DCC776D52}.SingleImage|x86.ActiveCfg = Release
		{F60359ED-006E-4A75-8A9D-850DCC776D52}.SingleImage|x86.Build.0 = Release
		{0011FD30-8099-4B1F-A0E2-80E67B3D8542}.CD_ROM|Any CPU.ActiveCfg = Release
		{0011FD30-8099-4B1F-A0E2-80E67B3D8542}.CD_ROM|x86.ActiveCfg = Release
		{0011FD30-8099-4B1F-A0E2-80E67B3D8542}.Debug|Any CPU.ActiveCfg = Debug
		{0011FD30-8099-4B1F-A0E2-80E67B3D8542}.Debug|x86.ActiveCfg = Debug
		{0011FD30-8099-4B1F-A0E2-80E67B3D8542}.DVD-5|Any CPU.ActiveCfg = Debug
		{0011FD30-8099-4B1F-A0E2-80E67B3D8542}.DVD-5|x86.ActiveCfg = Debug
		{0011FD30-8099-4B1F-A0E2-80E67B3D8542}.Release|Any CPU.ActiveCfg = Release
		{0011FD30-8099-4B1F-A0E2-80E67B3D8542}.Release|x86.ActiveCfg = Release
		{0011FD30-8099-4B1F-A0E2-80E67B3D8542}.SingleImage|Any CPU.ActiveCfg = Release
		{0011FD30-8099-4B1F-A0E2-80E67B3D8542}.SingleImage|x86.ActiveCfg = Release
		{C3CED78B-4B23-4718-8888-406DB30F1343}.CD_ROM|Any CPU.ActiveCfg = Release|Any CPU
		{C3CED78B-4B23-4718-8888-406DB30F1343}.CD_ROM|Any CPU.Build.0 = Release|Any CPU
		{C3CED78B-4B23-4718-8888-406DB30F1343}.CD_ROM|x86.ActiveCfg = Release|Any CPU
		{C3CED78B-4B23-4718-8888-406DB30F1343}.CD_ROM|x86.Build.0 = Release|Any CPU
		{C3CED78B-4B23-4718-8888-406DB30F1343}.Debug|Any CPU.ActiveCfg = Debug|Any CPU
		{C3CED78B-4B23-4718-8888-406DB30F1343}.Debug|x86.ActiveCfg = Debug|Any CPU
		{C3CED78B-4B23-4718-8888-406DB30F1343}.Debug|x86.Build.0 = Debug|Any CPU
		{C3CED78B-4B23-4718-8888-406DB30F1343}.DVD-5|Any CPU.ActiveCfg = Debug|Any CPU
		{C3CED78B-4B23-4718-8888-406DB30F1343}.DVD-5|Any CPU.Build.0 = Debug|Any CPU
		{C3CED78B-4B23-4718-8888-406DB30F1343}.DVD-5|x86.ActiveCfg = Debug|Any CPU
		{C3CED78B-4B23-4718-8888-406DB30F1343}.DVD-5|x86.Build.0 = Debug|Any CPU
		{C3CED78B-4B23-4718-8888-406DB30F1343}.Release|Any CPU.ActiveCfg = Release|Any CPU
		{C3CED78B-4B23-4718-8888-406DB30F1343}.Release|Any CPU.Build.0 = Release|Any CPU
		{C3CED78B-4B23-4718-8888-406DB30F1343}.Release|x86.ActiveCfg = Release|Any CPU
		{C3CED78B-4B23-4718-8888-406DB30F1343}.Release|x86.Build.0 = Release|Any CPU
		{C3CED78B-4B23-4718-8888-406DB30F1343}.SingleImage|Any CPU.ActiveCfg = Release|Any CPU
		{C3CED78B-4B23-4718-8888-406DB30F1343}.SingleImage|Any CPU.Build.0 = Release|Any CPU
		{C3CED78B-4B23-4718-8888-406DB30F1343}.SingleImage|x86.ActiveCfg = Release|Any CPU
		{C3CED78B-4B23-4718-8888-406DB30F1343}.SingleImage|x86.Build.0 = Release|Any CPU
	EndGlobalSection
	GlobalSection(SolutionProperties) = preSolution
		HideSolutionNode = FALSE
	EndGlobalSection
EndGlobal
